
Microsoft Visual Studio Solution File, Format Version 12.00
Project("{FAE04EC0-301F-11D3-BF4B-00C04F79EFBC}") = "Docfx.ResultSnippets", "Docfx.ResultSnippets\Docfx.ResultSnippets.csproj", "{70DC3D58-6BDC-4E1D-8071-7263FEEFB779}"
EndProject
Project("{FAE04EC0-301F-11D3-BF4B-00C04F79EFBC}") = "Docfx.ResultSnippets.Tests", "Docfx.ResultSnippets.Tests\Docfx.ResultSnippets.Tests.csproj", "{EAE369D3-8698-4C6A-BB0D-A67767EA0E87}"
EndProject
Project("{FAE04EC0-301F-11D3-BF4B-00C04F79EFBC}") = "Docfx.ResultSnippets.Docs", "Docfx.ResultSnippets.Docs\Docfx.ResultSnippets.Docs.csproj", "{33A13F31-2776-4195-BE57-F248E30DA58B}"
EndProject
Global
	GlobalSection(SolutionConfigurationPlatforms) = preSolution
		Debug|Any CPU = Debug|Any CPU
		Release|Any CPU = Release|Any CPU
	EndGlobalSection
	GlobalSection(ProjectConfigurationPlatforms) = postSolution
		{70DC3D58-6BDC-4E1D-8071-7263FEEFB779}.Debug|Any CPU.ActiveCfg = Debug|Any CPU
		{70DC3D58-6BDC-4E1D-8071-7263FEEFB779}.Debug|Any CPU.Build.0 = Debug|Any CPU
		{70DC3D58-6BDC-4E1D-8071-7263FEEFB779}.Release|Any CPU.ActiveCfg = Release|Any CPU
		{70DC3D58-6BDC-4E1D-8071-7263FEEFB779}.Release|Any CPU.Build.0 = Release|Any CPU
		{EAE369D3-8698-4C6A-BB0D-A67767EA0E87}.Debug|Any CPU.ActiveCfg = Debug|Any CPU
		{EAE369D3-8698-4C6A-BB0D-A67767EA0E87}.Debug|Any CPU.Build.0 = Debug|Any CPU
		{EAE369D3-8698-4C6A-BB0D-A67767EA0E87}.Release|Any CPU.ActiveCfg = Release|Any CPU
		{EAE369D3-8698-4C6A-BB0D-A67767EA0E87}.Release|Any CPU.Build.0 = Release|Any CPU
		{33A13F31-2776-4195-BE57-F248E30DA58B}.Debug|Any CPU.ActiveCfg = Debug|Any CPU
		{33A13F31-2776-4195-BE57-F248E30DA58B}.Debug|Any CPU.Build.0 = Debug|Any CPU
		{33A13F31-2776-4195-BE57-F248E30DA58B}.Release|Any CPU.ActiveCfg = Release|Any CPU
		{33A13F31-2776-4195-BE57-F248E30DA58B}.Release|Any CPU.Build.0 = Release|Any CPU
	EndGlobalSection
EndGlobal
